
Microsoft Visual Studio Solution File, Format Version 12.00
# Visual Studio Version 16
VisualStudioVersion = 16.0.34031.81
MinimumVisualStudioVersion = 10.0.40219.1
Project("{2150E333-8FDC-42A3-9474-1A3956D46DE8}") = "Task1", "Task1", "{F23E8178-0641-465C-807F-E2E30E40784D}"
EndProject
Project("{2150E333-8FDC-42A3-9474-1A3956D46DE8}") = "Task2", "Task2", "{E051956D-CCA5-4CC8-961B-2E1651DF11F4}"
EndProject
Project("{FAE04EC0-301F-11D3-BF4B-00C04F79EFBC}") = "Tyuiu.KomarovMA.Sprint3.Task1.V27", "Tyuiu.KomarovMA.Sprint3.Task1.V27\Tyuiu.KomarovMA.Sprint3.Task1.V27.csproj", "{0C4D9039-D5C6-4AB8-9EAD-3FA4B574EBF9}"
EndProject
Project("{FAE04EC0-301F-11D3-BF4B-00C04F79EFBC}") = "Tyuiu.KomarovMA.Sprint3.Task1.V27.Lib", "Tyuiu.KomarovMA.Sprint3.Task1.V27.Lib\Tyuiu.KomarovMA.Sprint3.Task1.V27.Lib.csproj", "{11410746-C9EC-409B-AFC7-5B5EEEB13E91}"
EndProject
Project("{FAE04EC0-301F-11D3-BF4B-00C04F79EFBC}") = "Tyuiu.KomarovMA.Sprint3.Task1.V27.Test", "Tyuiu.KomarovMA.Sprint3.Task1.V27.Test\Tyuiu.KomarovMA.Sprint3.Task1.V27.Test.csproj", "{8E257C1E-DDE8-4271-B770-6D135F9DC6D8}"
EndProject
Project("{FAE04EC0-301F-11D3-BF4B-00C04F79EFBC}") = "Tyuiu.KomarovMA.Sprint3.Task2.V1", "Tyuiu.KomarovMA.Sprint3.Task2.V1\Tyuiu.KomarovMA.Sprint3.Task2.V1.csproj", "{3CB14033-4A1C-4557-96C3-3B67A036D19E}"
EndProject
Project("{FAE04EC0-301F-11D3-BF4B-00C04F79EFBC}") = "Tyuiu.KomarovMA.Sprint3.Task2.V1.Test", "Tyuiu.KomarovMA.Sprint3.Task2.V1.Test\Tyuiu.KomarovMA.Sprint3.Task2.V1.Test.csproj", "{ED26C569-FD43-47F8-A0A3-0F430E789E14}"
EndProject
Project("{FAE04EC0-301F-11D3-BF4B-00C04F79EFBC}") = "Tyuiu.KomarovMA.Sprint3.Task2.V1.Lib", "Tyuiu.KomarovMA.Sprint3.Task2.V1.Lib\Tyuiu.KomarovMA.Sprint3.Task2.V1.Lib.csproj", "{CB803858-5BA2-4459-9DB1-C25DFFE86618}"
EndProject
Project("{2150E333-8FDC-42A3-9474-1A3956D46DE8}") = "Task3", "Task3", "{D5867158-3B67-404E-9A29-A8BDB9F26611}"
EndProject
Project("{FAE04EC0-301F-11D3-BF4B-00C04F79EFBC}") = "Tyuiu.KomarovMA.Sprint3.Task3.V30", "Tyuiu.KomarovMA.Sprint3.Task3.V30\Tyuiu.KomarovMA.Sprint3.Task3.V30.csproj", "{19D703DF-3FDC-454C-9C3E-B8BC01DB3263}"
EndProject
Project("{FAE04EC0-301F-11D3-BF4B-00C04F79EFBC}") = "Tyuiu.KomarovMA.Sprint3.Task3.V30.Test", "Tyuiu.KomarovMA.Sprint3.Task3.V30.Test\Tyuiu.KomarovMA.Sprint3.Task3.V30.Test.csproj", "{72FCB0E8-8815-41C9-984D-03F23627866D}"
EndProject
Project("{FAE04EC0-301F-11D3-BF4B-00C04F79EFBC}") = "Tyuiu.KomarovMA.Sprint3.Task3.V30.Lib", "Tyuiu.KomarovMA.Sprint3.Task3.V30.Lib\Tyuiu.KomarovMA.Sprint3.Task3.V30.Lib.csproj", "{48989249-2221-4F2E-8297-1B05414F04D3}"
EndProject
Project("{2150E333-8FDC-42A3-9474-1A3956D46DE8}") = "Task0", "Task0", "{111F09FC-97AD-48E0-B3A2-B05BFF4ABE41}"
EndProject
Project("{FAE04EC0-301F-11D3-BF4B-00C04F79EFBC}") = "Tyuiu.KomarovMA.Sprint3.Task0.V24", "Tyuiu.KomarovMA.Sprint3.Task0.V24\Tyuiu.KomarovMA.Sprint3.Task0.V24.csproj", "{2364BED5-C01A-47BD-A867-2E230123E787}"
EndProject
Project("{FAE04EC0-301F-11D3-BF4B-00C04F79EFBC}") = "Tyuiu.KomarovMA.Sprint3.Task0.V24.Test", "Tyuiu.KomarovMA.Sprint3.Task0.V24.Test\Tyuiu.KomarovMA.Sprint3.Task0.V24.Test.csproj", "{E536295F-6FB3-4E59-9F5B-5AE26A7D21AD}"
EndProject
Project("{FAE04EC0-301F-11D3-BF4B-00C04F79EFBC}") = "Tyuiu.KomarovMA.Sprint3.Task0.V24.Lib", "Tyuiu.KomarovMA.Sprint3.Task0.V24.Lib\Tyuiu.KomarovMA.Sprint3.Task0.V24.Lib.csproj", "{B03ED66A-49E2-4419-A3E2-C5A4CDB51004}"
EndProject
Project("{2150E333-8FDC-42A3-9474-1A3956D46DE8}") = "Task4", "Task4", "{D4857713-0CAF-4D8F-B49A-B3C382F50353}"
EndProject
Project("{FAE04EC0-301F-11D3-BF4B-00C04F79EFBC}") = "Tyuiu.KomarovMA.Sprint3.Task4.V14", "Tyuiu.KomarovMA.Sprint3.Task4.V14\Tyuiu.KomarovMA.Sprint3.Task4.V14.csproj", "{1E9DC49D-0C6F-4DB1-A7F7-DF26976EC966}"
EndProject
Project("{FAE04EC0-301F-11D3-BF4B-00C04F79EFBC}") = "Tyuiu.KomarovMA.Sprint3.Task4.V14.Lib", "Tyuiu.KomarovMA.Sprint3.Task4.V14.Lib\Tyuiu.KomarovMA.Sprint3.Task4.V14.Lib.csproj", "{CB8FD5CC-5CE5-4990-94D9-66ABFE14B19F}"
EndProject
Project("{FAE04EC0-301F-11D3-BF4B-00C04F79EFBC}") = "Tyuiu.KomarovMA.Sprint3.Task4.V14.Test", "Tyuiu.KomarovMA.Sprint3.Task4.V14.Test\Tyuiu.KomarovMA.Sprint3.Task4.V14.Test.csproj", "{BFD1394A-967B-4F40-A466-4DA20803518C}"
EndProject
Global
	GlobalSection(SolutionConfigurationPlatforms) = preSolution
		Debug|Any CPU = Debug|Any CPU
		Release|Any CPU = Release|Any CPU
	EndGlobalSection
	GlobalSection(ProjectConfigurationPlatforms) = postSolution
		{0C4D9039-D5C6-4AB8-9EAD-3FA4B574EBF9}.Debug|Any CPU.ActiveCfg = Debug|Any CPU
		{0C4D9039-D5C6-4AB8-9EAD-3FA4B574EBF9}.Debug|Any CPU.Build.0 = Debug|Any CPU
		{0C4D9039-D5C6-4AB8-9EAD-3FA4B574EBF9}.Release|Any CPU.ActiveCfg = Release|Any CPU
		{0C4D9039-D5C6-4AB8-9EAD-3FA4B574EBF9}.Release|Any CPU.Build.0 = Release|Any CPU
		{11410746-C9EC-409B-AFC7-5B5EEEB13E91}.Debug|Any CPU.ActiveCfg = Debug|Any CPU
		{11410746-C9EC-409B-AFC7-5B5EEEB13E91}.Debug|Any CPU.Build.0 = Debug|Any CPU
		{11410746-C9EC-409B-AFC7-5B5EEEB13E91}.Release|Any CPU.ActiveCfg = Release|Any CPU
		{11410746-C9EC-409B-AFC7-5B5EEEB13E91}.Release|Any CPU.Build.0 = Release|Any CPU
		{8E257C1E-DDE8-4271-B770-6D135F9DC6D8}.Debug|Any CPU.ActiveCfg = Debug|Any CPU
		{8E257C1E-DDE8-4271-B770-6D135F9DC6D8}.Debug|Any CPU.Build.0 = Debug|Any CPU
		{8E257C1E-DDE8-4271-B770-6D135F9DC6D8}.Release|Any CPU.ActiveCfg = Release|Any CPU
		{8E257C1E-DDE8-4271-B770-6D135F9DC6D8}.Release|Any CPU.Build.0 = Release|Any CPU
		{3CB14033-4A1C-4557-96C3-3B67A036D19E}.Debug|Any CPU.ActiveCfg = Debug|Any CPU
		{3CB14033-4A1C-4557-96C3-3B67A036D19E}.Debug|Any CPU.Build.0 = Debug|Any CPU
		{3CB14033-4A1C-4557-96C3-3B67A036D19E}.Release|Any CPU.ActiveCfg = Release|Any CPU
		{3CB14033-4A1C-4557-96C3-3B67A036D19E}.Release|Any CPU.Build.0 = Release|Any CPU
		{ED26C569-FD43-47F8-A0A3-0F430E789E14}.Debug|Any CPU.ActiveCfg = Debug|Any CPU
		{ED26C569-FD43-47F8-A0A3-0F430E789E14}.Debug|Any CPU.Build.0 = Debug|Any CPU
		{ED26C569-FD43-47F8-A0A3-0F430E789E14}.Release|Any CPU.ActiveCfg = Release|Any CPU
		{ED26C569-FD43-47F8-A0A3-0F430E789E14}.Release|Any CPU.Build.0 = Release|Any CPU
		{CB803858-5BA2-4459-9DB1-C25DFFE86618}.Debug|Any CPU.ActiveCfg = Debug|Any CPU
		{CB803858-5BA2-4459-9DB1-C25DFFE86618}.Debug|Any CPU.Build.0 = Debug|Any CPU
		{CB803858-5BA2-4459-9DB1-C25DFFE86618}.Release|Any CPU.ActiveCfg = Release|Any CPU
		{CB803858-5BA2-4459-9DB1-C25DFFE86618}.Release|Any CPU.Build.0 = Release|Any CPU
		{19D703DF-3FDC-454C-9C3E-B8BC01DB3263}.Debug|Any CPU.ActiveCfg = Debug|Any CPU
		{19D703DF-3FDC-454C-9C3E-B8BC01DB3263}.Debug|Any CPU.Build.0 = Debug|Any CPU
		{19D703DF-3FDC-454C-9C3E-B8BC01DB3263}.Release|Any CPU.ActiveCfg = Release|Any CPU
		{19D703DF-3FDC-454C-9C3E-B8BC01DB3263}.Release|Any CPU.Build.0 = Release|Any CPU
		{72FCB0E8-8815-41C9-984D-03F23627866D}.Debug|Any CPU.ActiveCfg = Debug|Any CPU
		{72FCB0E8-8815-41C9-984D-03F23627866D}.Debug|Any CPU.Build.0 = Debug|Any CPU
		{72FCB0E8-8815-41C9-984D-03F23627866D}.Release|Any CPU.ActiveCfg = Release|Any CPU
		{72FCB0E8-8815-41C9-984D-03F23627866D}.Release|Any CPU.Build.0 = Release|Any CPU
		{48989249-2221-4F2E-8297-1B05414F04D3}.Debug|Any CPU.ActiveCfg = Debug|Any CPU
		{48989249-2221-4F2E-8297-1B05414F04D3}.Debug|Any CPU.Build.0 = Debug|Any CPU
		{48989249-2221-4F2E-8297-1B05414F04D3}.Release|Any CPU.ActiveCfg = Release|Any CPU
		{48989249-2221-4F2E-8297-1B05414F04D3}.Release|Any CPU.Build.0 = Release|Any CPU
		{2364BED5-C01A-47BD-A867-2E230123E787}.Debug|Any CPU.ActiveCfg = Debug|Any CPU
		{2364BED5-C01A-47BD-A867-2E230123E787}.Debug|Any CPU.Build.0 = Debug|Any CPU
		{2364BED5-C01A-47BD-A867-2E230123E787}.Release|Any CPU.ActiveCfg = Release|Any CPU
		{2364BED5-C01A-47BD-A867-2E230123E787}.Release|Any CPU.Build.0 = Release|Any CPU
		{E536295F-6FB3-4E59-9F5B-5AE26A7D21AD}.Debug|Any CPU.ActiveCfg = Debug|Any CPU
		{E536295F-6FB3-4E59-9F5B-5AE26A7D21AD}.Debug|Any CPU.Build.0 = Debug|Any CPU
		{E536295F-6FB3-4E59-9F5B-5AE26A7D21AD}.Release|Any CPU.ActiveCfg = Release|Any CPU
		{E536295F-6FB3-4E59-9F5B-5AE26A7D21AD}.Release|Any CPU.Build.0 = Release|Any CPU
		{B03ED66A-49E2-4419-A3E2-C5A4CDB51004}.Debug|Any CPU.ActiveCfg = Debug|Any CPU
		{B03ED66A-49E2-4419-A3E2-C5A4CDB51004}.Debug|Any CPU.Build.0 = Debug|Any CPU
		{B03ED66A-49E2-4419-A3E2-C5A4CDB51004}.Release|Any CPU.ActiveCfg = Release|Any CPU
		{B03ED66A-49E2-4419-A3E2-C5A4CDB51004}.Release|Any CPU.Build.0 = Release|Any CPU
		{1E9DC49D-0C6F-4DB1-A7F7-DF26976EC966}.Debug|Any CPU.ActiveCfg = Debug|Any CPU
		{1E9DC49D-0C6F-4DB1-A7F7-DF26976EC966}.Debug|Any CPU.Build.0 = Debug|Any CPU
		{1E9DC49D-0C6F-4DB1-A7F7-DF26976EC966}.Release|Any CPU.ActiveCfg = Release|Any CPU
		{1E9DC49D-0C6F-4DB1-A7F7-DF26976EC966}.Release|Any CPU.Build.0 = Release|Any CPU
		{CB8FD5CC-5CE5-4990-94D9-66ABFE14B19F}.Debug|Any CPU.ActiveCfg = Debug|Any CPU
		{CB8FD5CC-5CE5-4990-94D9-66ABFE14B19F}.Debug|Any CPU.Build.0 = Debug|Any CPU
		{CB8FD5CC-5CE5-4990-94D9-66ABFE14B19F}.Release|Any CPU.ActiveCfg = Release|Any CPU
		{CB8FD5CC-5CE5-4990-94D9-66ABFE14B19F}.Release|Any CPU.Build.0 = Release|Any CPU
		{BFD1394A-967B-4F40-A466-4DA20803518C}.Debug|Any CPU.ActiveCfg = Debug|Any CPU
		{BFD1394A-967B-4F40-A466-4DA20803518C}.Debug|Any CPU.Build.0 = Debug|Any CPU
		{BFD1394A-967B-4F40-A466-4DA20803518C}.Release|Any CPU.ActiveCfg = Release|Any CPU
		{BFD1394A-967B-4F40-A466-4DA20803518C}.Release|Any CPU.Build.0 = Release|Any CPU
	EndGlobalSection
	GlobalSection(SolutionProperties) = preSolution
		HideSolutionNode = FALSE
	EndGlobalSection
	GlobalSection(NestedProjects) = preSolution
		{0C4D9039-D5C6-4AB8-9EAD-3FA4B574EBF9} = {F23E8178-0641-465C-807F-E2E30E40784D}
		{11410746-C9EC-409B-AFC7-5B5EEEB13E91} = {F23E8178-0641-465C-807F-E2E30E40784D}
		{8E257C1E-DDE8-4271-B770-6D135F9DC6D8} = {F23E8178-0641-465C-807F-E2E30E40784D}
		{3CB14033-4A1C-4557-96C3-3B67A036D19E} = {E051956D-CCA5-4CC8-961B-2E1651DF11F4}
		{ED26C569-FD43-47F8-A0A3-0F430E789E14} = {E051956D-CCA5-4CC8-961B-2E1651DF11F4}
		{CB803858-5BA2-4459-9DB1-C25DFFE86618} = {E051956D-CCA5-4CC8-961B-2E1651DF11F4}
		{19D703DF-3FDC-454C-9C3E-B8BC01DB3263} = {D5867158-3B67-404E-9A29-A8BDB9F26611}
		{72FCB0E8-8815-41C9-984D-03F23627866D} = {D5867158-3B67-404E-9A29-A8BDB9F26611}
		{48989249-2221-4F2E-8297-1B05414F04D3} = {D5867158-3B67-404E-9A29-A8BDB9F26611}
		{2364BED5-C01A-47BD-A867-2E230123E787} = {111F09FC-97AD-48E0-B3A2-B05BFF4ABE41}
		{E536295F-6FB3-4E59-9F5B-5AE26A7D21AD} = {111F09FC-97AD-48E0-B3A2-B05BFF4ABE41}
		{B03ED66A-49E2-4419-A3E2-C5A4CDB51004} = {111F09FC-97AD-48E0-B3A2-B05BFF4ABE41}
		{1E9DC49D-0C6F-4DB1-A7F7-DF26976EC966} = {D4857713-0CAF-4D8F-B49A-B3C382F50353}
		{CB8FD5CC-5CE5-4990-94D9-66ABFE14B19F} = {D4857713-0CAF-4D8F-B49A-B3C382F50353}
		{BFD1394A-967B-4F40-A466-4DA20803518C} = {D4857713-0CAF-4D8F-B49A-B3C382F50353}
	EndGlobalSection
	GlobalSection(ExtensibilityGlobals) = postSolution
		SolutionGuid = {F04ABC4B-59C9-4F57-9650-1BC669129AD0}
	EndGlobalSection
EndGlobal
